
Microsoft Visual Studio Solution File, Format Version 12.00
# Visual Studio Version 17
VisualStudioVersion = 17.13.35818.85
MinimumVisualStudioVersion = 10.0.40219.1
Project("{2150E333-8FDC-42A3-9474-1A3956D46DE8}") = "SolutionItems", "SolutionItems", "{58D07B0A-A5C8-49A4-ACD9-E226ABCEF07D}"
	ProjectSection(SolutionItems) = preProject
		.gitignore = .gitignore
		docs\PoC\Core components.fs = docs\PoC\Core components.fs
		docs\PoC\Core components.py = docs\PoC\Core components.py
		Directory.Build.props = Directory.Build.props
		docs\dsl_bnf.txt = docs\dsl_bnf.txt
		docs\Exploration.md = docs\Exploration.md
		docs\Exploration.txt = docs\Exploration.txt
		docs\Exploration2.txt = docs\Exploration2.txt
		docs\Exploration3.txt = docs\Exploration3.txt
		docs\Links.txt = docs\Links.txt
		progress.txt = progress.txt
		docs\TARS_DSL_Structure.md = docs\TARS_DSL_Structure.md
		docs\DSL\tarsdsl_example1.txt = docs\DSL\tarsdsl_example1.txt
		docs\Exploration2-agile.txt = docs\Exploration2-agile.txt
		docs\Explorations\v1\Chats\ChatGPT-Agentic AI Workflow Resources.md = docs\Explorations\v1\Chats\ChatGPT-Agentic AI Workflow Resources.md
		docs\Explorations\v1\Chats\ChatGPT-AI Inference Engines C#.md = docs\Explorations\v1\Chats\ChatGPT-AI Inference Engines C#.md
		docs\Explorations\v1\Chats\ChatGPT-AI-FP Language with Prompts.md = docs\Explorations\v1\Chats\ChatGPT-AI-FP Language with Prompts.md
		docs\Explorations\v1\Chats\ChatGPT-Auto Improvement Strategies TARS.md = docs\Explorations\v1\Chats\ChatGPT-Auto Improvement Strategies TARS.md
		docs\Explorations\v1\Chats\ChatGPT-AutoGen C# Examples.md = docs\Explorations\v1\Chats\ChatGPT-AutoGen C# Examples.md
		docs\Explorations\v1\Chats\ChatGPT-Best TTS Engines .NET.md = docs\Explorations\v1\Chats\ChatGPT-Best TTS Engines .NET.md
		docs\Explorations\v1\Chats\ChatGPT-Better Architecture than Q-star.md = docs\Explorations\v1\Chats\ChatGPT-Better Architecture than Q-star.md
		docs\Explorations\v1\Chats\ChatGPT-BNF and Parsing Alternatives.md = docs\Explorations\v1\Chats\ChatGPT-BNF and Parsing Alternatives.md
		docs\Explorations\v1\Chats\ChatGPT-ChatGPT CEO Decision Prompts.md = docs\Explorations\v1\Chats\ChatGPT-ChatGPT CEO Decision Prompts.md
		docs\Explorations\v1\Chats\ChatGPT-Computation Expressions for AI Workflows.md = docs\Explorations\v1\Chats\ChatGPT-Computation Expressions for AI Workflows.md
		docs\Explorations\v1\Chats\ChatGPT-Computation Expressions for TARS.md = docs\Explorations\v1\Chats\ChatGPT-Computation Expressions for TARS.md
		docs\Explorations\v1\Chats\ChatGPT-DSLs for AI.md = docs\Explorations\v1\Chats\ChatGPT-DSLs for AI.md
		docs\Explorations\v1\Chats\ChatGPT-Famous Sci-Fi Robots.md = docs\Explorations\v1\Chats\ChatGPT-Famous Sci-Fi Robots.md
		docs\Explorations\v1\Chats\ChatGPT-Fine-tuning AI for Summarization.md = docs\Explorations\v1\Chats\ChatGPT-Fine-tuning AI for Summarization.md
		docs\Explorations\v1\Chats\ChatGPT-Fine-tuning Model with GitHub.md = docs\Explorations\v1\Chats\ChatGPT-Fine-tuning Model with GitHub.md
		docs\Explorations\v1\Chats\ChatGPT-GitHub Repo Access.md = docs\Explorations\v1\Chats\ChatGPT-GitHub Repo Access.md
		docs\Explorations\v1\Chats\ChatGPT-Implement MCP Server .NET.md = docs\Explorations\v1\Chats\ChatGPT-Implement MCP Server .NET.md
		docs\Explorations\v1\Chats\ChatGPT-LlamaIndex Beginner Guide.md = docs\Explorations\v1\Chats\ChatGPT-LlamaIndex Beginner Guide.md
		docs\Explorations\v1\Chats\ChatGPT-Model Context Protocol Explained.md = docs\Explorations\v1\Chats\ChatGPT-Model Context Protocol Explained.md
		docs\Explorations\v1\Chats\ChatGPT-Ollama Chatbot Prototype.md = docs\Explorations\v1\Chats\ChatGPT-Ollama Chatbot Prototype.md
		docs\Explorations\v1\Chats\ChatGPT-Redis Vector Store Integration.md = docs\Explorations\v1\Chats\ChatGPT-Redis Vector Store Integration.md
		docs\Explorations\v1\Chats\tars_incubation_transcript.txt = docs\Explorations\v1\Chats\tars_incubation_transcript.txt
		docs\Explorations\v1\dsl_bnf.txt = docs\Explorations\v1\dsl_bnf.txt
		docs\Explorations\v1\Exploration.md = docs\Explorations\v1\Exploration.md
		docs\Explorations\v1\Exploration.txt = docs\Explorations\v1\Exploration.txt
		docs\Explorations\v1\Exploration2-agile.txt = docs\Explorations\v1\Exploration2-agile.txt
		docs\Explorations\v1\Exploration2.txt = docs\Explorations\v1\Exploration2.txt
		docs\Explorations\v1\Exploration3.txt = docs\Explorations\v1\Exploration3.txt
		docs\Explorations\v1\Links.txt = docs\Explorations\v1\Links.txt
		docs\Explorations\v1\Summary.txt = docs\Explorations\v1\Summary.txt
		docs\Explorations\v1\TARS_DSL_Structure.md = docs\Explorations\v1\TARS_DSL_Structure.md
		docs\img\ollama_installed_LLMs.png = docs\img\ollama_installed_LLMs.png
		docs\Summary.txt = docs\Summary.txt
		docs\vibecoding\ChatGPT-Augment Code Struggles Summary.md = docs\vibecoding\ChatGPT-Augment Code Struggles Summary.md
		docs\vibecoding\vibecoding_augmentcode_rider.mp4 = docs\vibecoding\vibecoding_augmentcode_rider.mp4
		docs\Explorations\v1\Chats\ChatGPT-Quaternions and Projective Geometry for TARS.md = docs\Explorations\v1\Chats\ChatGPT-Quaternions and Projective Geometry for TARS.md
		docs\Explorations\v1\Chats\ChatGPT-Advanced Math CS 2025.md = docs\Explorations\v1\Chats\ChatGPT-Advanced Math CS 2025.md
		docs\Explorations\v1\Chats\ChatGPT-Markov Chains in AI.md = docs\Explorations\v1\Chats\ChatGPT-Markov Chains in AI.md
		docs\Explorations\v1\Chats\ChatGPT-Ollama GPU Optimization.md = docs\Explorations\v1\Chats\ChatGPT-Ollama GPU Optimization.md
		docs\Explorations\v1\Chats\ChatGPT-TARS Project Implications.md = docs\Explorations\v1\Chats\ChatGPT-TARS Project Implications.md
		docs\Explorations\v1\Chats\ChatGPT-Three.js TARS Visualization Ideas.md = docs\Explorations\v1\Chats\ChatGPT-Three.js TARS Visualization Ideas.md
		docs\Explorations\v1\Chats\ChatGPT-Automated Coding Loop Path.md = docs\Explorations\v1\Chats\ChatGPT-Automated Coding Loop Path.md
		docs\Explorations\v1\Chats\ChatGPT-Augment Code Struggles Summary.md = docs\Explorations\v1\Chats\ChatGPT-Augment Code Struggles Summary.md
		docs\Explorations\v1\Chats\ChatGPT-Computer Use Cost Breakdown.md = docs\Explorations\v1\Chats\ChatGPT-Computer Use Cost Breakdown.md
		docs\Explorations\v1\Chats\ChatGPT-ONNX vs Ollama Speed.md = docs\Explorations\v1\Chats\ChatGPT-ONNX vs Ollama Speed.md
		docs\Explorations\v1\Chats\ChatGPT-Replicate NotebookLLM Locally.md = docs\Explorations\v1\Chats\ChatGPT-Replicate NotebookLLM Locally.md
		docs\Explorations\v1\Chats\ChatGPT-State-Space for TARS.md = docs\Explorations\v1\Chats\ChatGPT-State-Space for TARS.md
		docs\Explorations\v1\Chats\ChatGPT-TARS Multi-modal Memory Space.md = docs\Explorations\v1\Chats\ChatGPT-TARS Multi-modal Memory Space.md
	EndProjectSection
EndProject
Project("{FAE04EC0-301F-11D3-BF4B-00C04F79EFBC}") = "TarsEngine", "TarsEngine\TarsEngine.csproj", "{B0A629F0-DC3A-4A88-AF1D-CDF891784B22}"
EndProject
Project("{F2A71F9B-5D33-465A-A702-920D77279786}") = "TarsEngineFSharp", "TarsEngineFSharp\TarsEngineFSharp.fsproj", "{8E6EE825-BBBD-476D-9613-96F685A7F2A6}"
EndProject
Project("{FAE04EC0-301F-11D3-BF4B-00C04F79EFBC}") = "TarsEngine.Interfaces", "TarsEngine.Interfaces\TarsEngine.Interfaces.csproj", "{0FE79EFD-D007-4DA6-871F-7D6F915A945C}"
EndProject
Project("{2150E333-8FDC-42A3-9474-1A3956D46DE8}") = "Experiments", "Experiments", "{40B2EE05-DDC5-4583-95D5-346AFFD9DF5D}"
EndProject
Project("{FAE04EC0-301F-11D3-BF4B-00C04F79EFBC}") = "ChatbotExample1", "Experiments\ChatbotExample1\ChatbotExample1.csproj", "{44541258-8F01-4A42-B2AD-985658559358}"
EndProject
Project("{FAE04EC0-301F-11D3-BF4B-00C04F79EFBC}") = "TarsApp", "TarsApp\TarsApp.csproj", "{711A944C-9EB3-B279-18BF-ED2E6B7DD799}"
EndProject
Global
	GlobalSection(SolutionConfigurationPlatforms) = preSolution
		Debug|Any CPU = Debug|Any CPU
		Release|Any CPU = Release|Any CPU
	EndGlobalSection
	GlobalSection(ProjectConfigurationPlatforms) = postSolution
		{B0A629F0-DC3A-4A88-AF1D-CDF891784B22}.Debug|Any CPU.ActiveCfg = Debug|Any CPU
		{B0A629F0-DC3A-4A88-AF1D-CDF891784B22}.Debug|Any CPU.Build.0 = Debug|Any CPU
		{B0A629F0-DC3A-4A88-AF1D-CDF891784B22}.Release|Any CPU.ActiveCfg = Release|Any CPU
		{B0A629F0-DC3A-4A88-AF1D-CDF891784B22}.Release|Any CPU.Build.0 = Release|Any CPU
		{8E6EE825-BBBD-476D-9613-96F685A7F2A6}.Debug|Any CPU.ActiveCfg = Debug|Any CPU
		{8E6EE825-BBBD-476D-9613-96F685A7F2A6}.Debug|Any CPU.Build.0 = Debug|Any CPU
		{8E6EE825-BBBD-476D-9613-96F685A7F2A6}.Release|Any CPU.ActiveCfg = Release|Any CPU
		{8E6EE825-BBBD-476D-9613-96F685A7F2A6}.Release|Any CPU.Build.0 = Release|Any CPU
		{0FE79EFD-D007-4DA6-871F-7D6F915A945C}.Debug|Any CPU.ActiveCfg = Debug|Any CPU
		{0FE79EFD-D007-4DA6-871F-7D6F915A945C}.Debug|Any CPU.Build.0 = Debug|Any CPU
		{0FE79EFD-D007-4DA6-871F-7D6F915A945C}.Release|Any CPU.ActiveCfg = Release|Any CPU
		{0FE79EFD-D007-4DA6-871F-7D6F915A945C}.Release|Any CPU.Build.0 = Release|Any CPU
		{44541258-8F01-4A42-B2AD-985658559358}.Debug|Any CPU.ActiveCfg = Debug|Any CPU
		{44541258-8F01-4A42-B2AD-985658559358}.Debug|Any CPU.Build.0 = Debug|Any CPU
		{44541258-8F01-4A42-B2AD-985658559358}.Release|Any CPU.ActiveCfg = Release|Any CPU
		{44541258-8F01-4A42-B2AD-985658559358}.Release|Any CPU.Build.0 = Release|Any CPU
		{711A944C-9EB3-B279-18BF-ED2E6B7DD799}.Debug|Any CPU.ActiveCfg = Debug|Any CPU
		{711A944C-9EB3-B279-18BF-ED2E6B7DD799}.Debug|Any CPU.Build.0 = Debug|Any CPU
		{711A944C-9EB3-B279-18BF-ED2E6B7DD799}.Release|Any CPU.ActiveCfg = Release|Any CPU
		{711A944C-9EB3-B279-18BF-ED2E6B7DD799}.Release|Any CPU.Build.0 = Release|Any CPU
	EndGlobalSection
	GlobalSection(SolutionProperties) = preSolution
		HideSolutionNode = FALSE
	EndGlobalSection
	GlobalSection(NestedProjects) = preSolution
		{44541258-8F01-4A42-B2AD-985658559358} = {40B2EE05-DDC5-4583-95D5-346AFFD9DF5D}
	EndGlobalSection
EndGlobal
