<Solution>
  <Configurations>
    <Platform Name="Any CPU" />
    <Platform Name="x64" />
    <Platform Name="x86" />
  </Configurations>
  <Folder Name="/Experiments/">
    <Project Path="Experiments/ChatbotExample1/ChatbotExample1.csproj" />
  </Folder>
  <Folder Name="/SolutionItems/">
    <File Path=".gitignore" />
    <File Path="Directory.Build.props" />
    <File Path="docs/DSL/tarsdsl_example1.txt" />
    <File Path="docs/dsl_bnf.txt" />
    <File Path="docs/Exploration.md" />
    <File Path="docs/Exploration.txt" />
    <File Path="docs/Exploration2-agile.txt" />
    <File Path="docs/Exploration2.txt" />
    <File Path="docs/Exploration3.txt" />
    <File Path="docs/Explorations/v1/Chats/ChatGPT-Advanced Math CS 2025.md" />
    <File Path="docs/Explorations/v1/Chats/ChatGPT-Agentic AI Workflow Resources.md" />
    <File Path="docs/Explorations/v1/Chats/ChatGPT-AI Inference Engines C#.md" />
    <File Path="docs/Explorations/v1/Chats/ChatGPT-AI OS with TARS.md" />
    <File Path="docs/Explorations/v1/Chats/ChatGPT-AI-FP Language with Prompts.md" />
    <File Path="docs/Explorations/v1/Chats/ChatGPT-Augment Code Struggles Summary.md" />
    <File Path="docs/Explorations/v1/Chats/ChatGPT-Auto Improvement Strategies TARS.md" />
    <File Path="docs/Explorations/v1/Chats/ChatGPT-Auto-evolutive 3D Entities.md" />
    <File Path="docs/Explorations/v1/Chats/ChatGPT-AutoGen C# Examples.md" />
    <File Path="docs/Explorations/v1/Chats/ChatGPT-Automated Coding Loop Path.md" />
    <File Path="docs/Explorations/v1/Chats/ChatGPT-Best TTS Engines .NET.md" />
    <File Path="docs/Explorations/v1/Chats/ChatGPT-Better Architecture than Q-star.md" />
    <File Path="docs/Explorations/v1/Chats/ChatGPT-Blazor MudBlazor Learning Resources.md" />
    <File Path="docs/Explorations/v1/Chats/ChatGPT-BNF and Parsing Alternatives.md" />
    <File Path="docs/Explorations/v1/Chats/ChatGPT-Business Value and Ethics.md" />
    <File Path="docs/Explorations/v1/Chats/ChatGPT-ChatGPT CEO Decision Prompts.md" />
    <File Path="docs/Explorations/v1/Chats/ChatGPT-Computation Expressions for AI Workflows.md" />
    <File Path="docs/Explorations/v1/Chats/ChatGPT-Computation Expressions for TARS.md" />
    <File Path="docs/Explorations/v1/Chats/ChatGPT-Computer Use Cost Breakdown.md" />
    <File Path="docs/Explorations/v1/Chats/ChatGPT-Courbes Takagi et Rham.md" />
    <File Path="docs/Explorations/v1/Chats/ChatGPT-DSLs for AI.md" />
    <File Path="docs/Explorations/v1/Chats/ChatGPT-DSLs for Visualization Engines.md" />
    <File Path="docs/Explorations/v1/Chats/ChatGPT-Famous Sci-Fi Robots.md" />
    <File Path="docs/Explorations/v1/Chats/ChatGPT-Fine-tuning AI for Summarization.md" />
    <File Path="docs/Explorations/v1/Chats/ChatGPT-Fine-tuning Model with GitHub.md" />
    <File Path="docs/Explorations/v1/Chats/ChatGPT-Genetic Memory and Vectors.md" />
    <File Path="docs/Explorations/v1/Chats/ChatGPT-GitHub Repo Access.md" />
    <File Path="docs/Explorations/v1/Chats/ChatGPT-Implement MCP Server .NET.md" />
    <File Path="docs/Explorations/v1/Chats/ChatGPT-Integrating Sequential Thinking in TARS.md" />
    <File Path="docs/Explorations/v1/Chats/ChatGPT-Learning Plan Generator.md" />
    <File Path="docs/Explorations/v1/Chats/ChatGPT-LlamaIndex Beginner Guide.md" />
    <File Path="docs/Explorations/v1/Chats/ChatGPT-Markov Chains in AI.md" />
    <File Path="docs/Explorations/v1/Chats/ChatGPT-MCP for TARS Improvement.md" />
    <File Path="docs/Explorations/v1/Chats/ChatGPT-Model Context Protocol Explained.md" />
    <File Path="docs/Explorations/v1/Chats/ChatGPT-Nash Equilibrium and Dynamics.md" />
    <File Path="docs/Explorations/v1/Chats/ChatGPT-Nash Equilibrium in Dynamics.md" />
    <File Path="docs/Explorations/v1/Chats/ChatGPT-Ollama Chatbot Prototype.md" />
    <File Path="docs/Explorations/v1/Chats/ChatGPT-Ollama GPU Optimization.md" />
    <File Path="docs/Explorations/v1/Chats/ChatGPT-ONNX vs Ollama Speed.md" />
    <File Path="docs/Explorations/v1/Chats/ChatGPT-Philosophers and Philosophy DSL.md" />
    <File Path="docs/Explorations/v1/Chats/ChatGPT-Quaternions and Projective Geometry for TARS.md" />
    <File Path="docs/Explorations/v1/Chats/ChatGPT-Redis Vector Store Integration.md" />
    <File Path="docs/Explorations/v1/Chats/ChatGPT-Replicate NotebookLLM Locally.md" />
    <File Path="docs/Explorations/v1/Chats/ChatGPT-Run Coqui TTS in .NET.md" />
    <File Path="docs/Explorations/v1/Chats/ChatGPT-Running LLMs in Docker.md" />
    <File Path="docs/Explorations/v1/Chats/ChatGPT-State-Space for TARS.md" />
    <File Path="docs/Explorations/v1/Chats/ChatGPT-TARS CLI Data Manipulation.md" />
    <File Path="docs/Explorations/v1/Chats/ChatGPT-TARS Code Analysis and Re-engineering.md" />
    <File Path="docs/Explorations/v1/Chats/ChatGPT-TARS Multi-modal Memory Space.md" />
    <File Path="docs/Explorations/v1/Chats/ChatGPT-TARS Progress Review.md" />
    <File Path="docs/Explorations/v1/Chats/ChatGPT-TARS Project Implications.md" />
    <File Path="docs/Explorations/v1/Chats/ChatGPT-TARS Thought Experiments.md" />
    <File Path="docs/Explorations/v1/Chats/ChatGPT-Text to DSL for TARS.md" />
    <File Path="docs/Explorations/v1/Chats/ChatGPT-Three.js TARS Visualization Ideas.md" />
    <File Path="docs/Explorations/v1/Chats/ChatGPT-TTS Audio Deep Dive.md" />
    <File Path="docs/Explorations/v1/Chats/ChatGPT-Video to Text Models.md" />
    <File Path="docs/Explorations/v1/Chats/ChatGPT-What is eBPF.md" />
    <File Path="docs/Explorations/v1/Chats/tars_incubation_transcript.txt" />
    <File Path="docs/Explorations/v1/dsl_bnf.txt" />
    <File Path="docs/Explorations/v1/Exploration.md" />
    <File Path="docs/Explorations/v1/Exploration.txt" />
    <File Path="docs/Explorations/v1/Exploration2-agile.txt" />
    <File Path="docs/Explorations/v1/Exploration2.txt" />
    <File Path="docs/Explorations/v1/Exploration3.txt" />
    <File Path="docs/Explorations/v1/Links.txt" />
    <File Path="docs/Explorations/v1/Summary.txt" />
    <File Path="docs/Explorations/v1/TARS_DSL_Structure.md" />
    <File Path="docs/Feedback/ChatGPT-Automated Coding Loop Path - 2.md" />
    <File Path="docs/img/ollama_installed_LLMs.png" />
    <File Path="docs/Links.txt" />
    <File Path="docs/PoC/Core components.fs" />
    <File Path="docs/PoC/Core components.py" />
    <File Path="docs/Summary.txt" />
    <File Path="docs/TARS_DSL_Structure.md" />
    <File Path="docs/vibecoding/ChatGPT-Augment Code Struggles Summary.md" />
    <File Path="docs/vibecoding/vibecoding_augmentcode_rider.mp4" />
    <File Path="progress.txt" />
    <File Path="README.md" />
  </Folder>
  <Project Path="TarsApp/TarsApp.csproj" />
  <Project Path="TarsCli/TarsCli.csproj" />
  <Project Path="TarsEngine.DSL.Tests/TarsEngine.DSL.Tests.fsproj" />
  <Project Path="TarsEngine.DSL/TarsEngine.DSL.fsproj" />
  <Project Path="TarsEngine.Interfaces/TarsEngine.Interfaces.csproj" />
  <Project Path="TarsEngine.SelfImprovement/TarsEngine.SelfImprovement.fsproj" />
  <Project Path="TarsEngine.Tests/TarsEngine.Tests.csproj" />
  <Project Path="TarsEngine.Unified/TarsEngine.Unified.csproj" />
  <Project Path="TarsEngine/TarsEngine.csproj" />
  <Project Path="TarsEngineFSharp.Core/TarsEngineFSharp.Core.fsproj" />
  <Project Path="TarsEngineFSharp/TarsEngineFSharp.fsproj" />
</Solution>
