
Microsoft Visual Studio Solution File, Format Version 12.00
# Visual Studio Version 17
VisualStudioVersion = 17.0.31903.59
MinimumVisualStudioVersion = 10.0.40219.1
Project("{2150E333-8FDC-42A3-9474-1A3956D46DE8}") = "docs", "docs", "{23550AFD-C0F3-49A8-8A19-8C057FD6DF0B}"
EndProject
Project("{2150E333-8FDC-42A3-9474-1A3956D46DE8}") = "0_Vision", "0_Vision", "{67A5C493-1B56-4993-BC31-5D4C6BFA5951}"
	ProjectSection(SolutionItems) = preProject
		docs\0_Vision\goals_and_vision.md = docs\0_Vision\goals_and_vision.md
	EndProjectSection
EndProject
Project("{2150E333-8FDC-42A3-9474-1A3956D46DE8}") = "1_Getting_Started", "1_Getting_Started", "{82FF2E6C-7A3C-4A55-B43C-11C9CB62424B}"
	ProjectSection(SolutionItems) = preProject
		docs\1_Getting_Started\Building an IA Coding Agent in Python.md = docs\1_Getting_Started\Building an IA Coding Agent in Python.md
		docs\1_Getting_Started\README.md = docs\1_Getting_Started\README.md
		docs\1_Getting_Started\Web_Ingest_and_Learn.md = docs\1_Getting_Started\Web_Ingest_and_Learn.md
	EndProjectSection
EndProject
Project("{2150E333-8FDC-42A3-9474-1A3956D46DE8}") = "2_Architecture", "2_Architecture", "{D80CA444-DE5E-4A70-922D-78EB23293037}"
	ProjectSection(SolutionItems) = preProject
		docs\2_Architecture\Capability_Ownership_Map.md = docs\2_Architecture\Capability_Ownership_Map.md
		docs\2_Architecture\Metascript_Specification.md = docs\2_Architecture\Metascript_Specification.md
		docs\2_Architecture\README.md = docs\2_Architecture\README.md
	EndProjectSection
EndProject
Project("{2150E333-8FDC-42A3-9474-1A3956D46DE8}") = "3_Roadmap", "3_Roadmap", "{DF3CABF4-09FF-4714-88BF-CBF3C835C563}"
	ProjectSection(SolutionItems) = preProject
		docs\3_Roadmap\README.md = docs\3_Roadmap\README.md
		task.md = task.md
	EndProjectSection
EndProject
Project("{2150E333-8FDC-42A3-9474-1A3956D46DE8}") = "1_Plans", "1_Plans", "{B7A4C63E-5C1E-4E82-9B3B-8F0A7C9D5B1E}"
	ProjectSection(SolutionItems) = preProject
		docs\3_Roadmap\1_Plans\implementation_plan.md = docs\3_Roadmap\1_Plans\implementation_plan.md
		docs\3_Roadmap\1_Plans\neuro_symbolic_architecture.md = docs\3_Roadmap\1_Plans\neuro_symbolic_architecture.md
		docs\3_Roadmap\1_Plans\phase10_3d_knowledge_graph.md = docs\3_Roadmap\1_Plans\phase10_3d_knowledge_graph.md
		docs\3_Roadmap\1_Plans\phase6_integration_strategy.md = docs\3_Roadmap\1_Plans\phase6_integration_strategy.md
		docs\3_Roadmap\1_Plans\phase9_symbolic_knowledge.md = docs\3_Roadmap\1_Plans\phase9_symbolic_knowledge.md
		docs\3_Roadmap\1_Plans\semantic_memory_plan.md = docs\3_Roadmap\1_Plans\semantic_memory_plan.md
	EndProjectSection
EndProject
Project("{2150E333-8FDC-42A3-9474-1A3956D46DE8}") = "2_Phases", "2_Phases", "{C8B5D74F-6D2F-4F93-AC4C-901B8D0E6C2F}"
	ProjectSection(SolutionItems) = preProject
		docs\3_Roadmap\2_Phases\phase2_detailed_tasks.md = docs\3_Roadmap\2_Phases\phase2_detailed_tasks.md
		docs\3_Roadmap\2_Phases\phase_11_cognitive_grounding.md = docs\3_Roadmap\2_Phases\phase_11_cognitive_grounding.md
		docs\3_Roadmap\2_Phases\phase_12_wot_integration.md = docs\3_Roadmap\2_Phases\phase_12_wot_integration.md
		docs\3_Roadmap\2_Phases\phase_13_neuro_symbolic_foundations.md = docs\3_Roadmap\2_Phases\phase_13_neuro_symbolic_foundations.md
		docs\3_Roadmap\2_Phases\phase_14_agent_constitutions.md = docs\3_Roadmap\2_Phases\phase_14_agent_constitutions.md
		docs\3_Roadmap\2_Phases\phase_15_symbolic_reflection.md = docs\3_Roadmap\2_Phases\phase_15_symbolic_reflection.md
		docs\3_Roadmap\2_Phases\phase_2_4_knowledge_graph.md = docs\3_Roadmap\2_Phases\phase_2_4_knowledge_graph.md
		docs\3_Roadmap\2_Phases\phase_3_2_mcp_client.md = docs\3_Roadmap\2_Phases\phase_3_2_mcp_client.md
		docs\3_Roadmap\2_Phases\phase_5_metascript_full_port.md = docs\3_Roadmap\2_Phases\phase_5_metascript_full_port.md
		docs\3_Roadmap\2_Phases\phase_6_5_agentic_interfaces.md = docs\3_Roadmap\2_Phases\phase_6_5_agentic_interfaces.md
		docs\3_Roadmap\2_Phases\phase_6_7_1_circuit_flow_control.md = docs\3_Roadmap\2_Phases\phase_6_7_1_circuit_flow_control.md
		docs\3_Roadmap\2_Phases\phase_6_7_2_epistemic_governor.md = docs\3_Roadmap\2_Phases\phase_6_7_2_epistemic_governor.md
		docs\3_Roadmap\2_Phases\phase_7_production_hardening.md = docs\3_Roadmap\2_Phases\phase_7_production_hardening.md
		docs\3_Roadmap\2_Phases\phase_8_prompting_techniques.md = docs\3_Roadmap\2_Phases\phase_8_prompting_techniques.md
	EndProjectSection
EndProject
Project("{2150E333-8FDC-42A3-9474-1A3956D46DE8}") = "3_Reports", "3_Reports", "{D9C6E850-7E30-40A4-BD5D-012C9E1F7D30}"
	ProjectSection(SolutionItems) = preProject
		docs\3_Roadmap\3_Reports\COMPLETE_SESSION_SUMMARY.md = docs\3_Roadmap\3_Reports\COMPLETE_SESSION_SUMMARY.md
		docs\3_Roadmap\3_Reports\phase1_refactoring_report.md = docs\3_Roadmap\3_Reports\phase1_refactoring_report.md
		docs\3_Roadmap\3_Reports\phase_6_7_completion_report.md = docs\3_Roadmap\3_Reports\phase_6_7_completion_report.md
		docs\3_Roadmap\3_Reports\phase_6_7_summary.md = docs\3_Roadmap\3_Reports\phase_6_7_summary.md
		docs\3_Roadmap\3_Reports\research_integration_summary.md = docs\3_Roadmap\3_Reports\research_integration_summary.md
		docs\3_Roadmap\3_Reports\session_summary_2025-11-29.md = docs\3_Roadmap\3_Reports\session_summary_2025-11-29.md
		docs\3_Roadmap\3_Reports\session_summary_2025-11-29_cargo_cult.md = docs\3_Roadmap\3_Reports\session_summary_2025-11-29_cargo_cult.md
		docs\3_Roadmap\3_Reports\session_summary_2025-12-04.md = docs\3_Roadmap\3_Reports\session_summary_2025-12-04.md
		docs\3_Roadmap\3_Reports\session_summary_2025-12-20_cargo_cult_cleanup.md = docs\3_Roadmap\3_Reports\session_summary_2025-12-20_cargo_cult_cleanup.md
	EndProjectSection
EndProject
Project("{2150E333-8FDC-42A3-9474-1A3956D46DE8}") = "assets", "assets", "{3C5FF0F0-BE14-4405-9E9D-0ED13A02BE60}"
	ProjectSection(SolutionItems) = preProject
		docs\assets\task_decomposition.jpg = docs\assets\task_decomposition.jpg
	EndProjectSection
EndProject
Project("{2150E333-8FDC-42A3-9474-1A3956D46DE8}") = "4_Research", "4_Research", "{024732D5-25F5-4093-8213-6D096A007A0B}"
	ProjectSection(SolutionItems) = preProject
		docs\4_Research\Conversations\ChatGPT-AI semantic bus research.md = docs\4_Research\Conversations\ChatGPT-AI semantic bus research.md
		docs\4_Research\Conversations\ChatGPT-Agentic AI Interfaces.md = docs\4_Research\Conversations\ChatGPT-Agentic AI Interfaces.md
		docs\4_Research\Conversations\ChatGPT-Backpressure in AI systems.md = docs\4_Research\Conversations\ChatGPT-Backpressure in AI systems.md
		docs\4_Research\Conversations\ChatGPT-Document feedback summary (1).md = docs\4_Research\Conversations\ChatGPT-Document feedback summary (1).md
		docs\4_Research\Conversations\ChatGPT-K-theory and TARS query.md = docs\4_Research\Conversations\ChatGPT-K-theory and TARS query.md
		docs\4_Research\Conversations\ChatGPT-Leverage Code Wiki for TARS.md = docs\4_Research\Conversations\ChatGPT-Leverage Code Wiki for TARS.md
		docs\4_Research\Conversations\ChatGPT-Markov chains in stock analysis.md = docs\4_Research\Conversations\ChatGPT-Markov chains in stock analysis.md
		docs\4_Research\Conversations\ChatGPT-Multi-agent system protocols.md = docs\4_Research\Conversations\ChatGPT-Multi-agent system protocols.md
		docs\4_Research\Research\Grothendieck Groups and their Application to Artificial Intelligence.md = docs\4_Research\Research\Grothendieck Groups and their Application to Artificial Intelligence.md
		docs\4_Research\Research\Links.txt = docs\4_Research\Research\Links.txt
		docs\4_Research\Architecture\state_space_observability_for_agent_mesh.md = docs\4_Research\Architecture\state_space_observability_for_agent_mesh.md
	EndProjectSection
EndProject
Project("{2150E333-8FDC-42A3-9474-1A3956D46DE8}") = "QA", "QA", "{B2C3D4E5-F6A7-8901-BCDE-F12345678901}"
	ProjectSection(SolutionItems) = preProject
		docs\QA\Cargo_Cult_Defense.md = docs\QA\Cargo_Cult_Defense.md
		docs\QA\README.md = docs\QA\README.md
		docs\QA\Phase1_Sandbox.md = docs\QA\Phase1_Sandbox.md
		docs\QA\QA_REPORT_v2.0-alpha.md = docs\QA\QA_REPORT_v2.0-alpha.md
		docs\QA\COGNITIVE_QA.md = docs\QA\COGNITIVE_QA.md
		docs\QA\outcomes\001_perceptual_memory.md = docs\QA\outcomes\001_perceptual_memory.md
		docs\QA\outcomes\002_semantic_chunking.md = docs\QA\outcomes\002_semantic_chunking.md
		docs\QA\outcomes\002_semantic_memory_cli.md = docs\QA\outcomes\002_semantic_memory_cli.md
		docs\QA\outcomes\003_agentic_chunking.md = docs\QA\outcomes\003_agentic_chunking.md
		docs\QA\outcomes\004_ast_chunking.md = docs\QA\outcomes\004_ast_chunking.md
	EndProjectSection
EndProject
Project("{2150E333-8FDC-42A3-9474-1A3956D46DE8}") = "Architecture", "Architecture", "{38FB5B3B-7682-480B-A730-AD2AB09A3400}"
EndProject
Project("{2150E333-8FDC-42A3-9474-1A3956D46DE8}") = "Planning", "Planning", "{367EAA1F-57E0-4297-8313-FF4A1D72BA67}"
	ProjectSection(SolutionItems) = preProject
		docs\4_Research\Planning\leveraging_codewiki.md = docs\4_Research\Planning\leveraging_codewiki.md
		docs\4_Research\Planning\ouroboros_implementation_plan.md = docs\4_Research\Planning\ouroboros_implementation_plan.md
		docs\4_Research\Planning\v2_ideas.md = docs\4_Research\Planning\v2_ideas.md
		docs\4_Research\Planning\v2_ideas_review_and_roadmap.md = docs\4_Research\Planning\v2_ideas_review_and_roadmap.md
	EndProjectSection
EndProject
Project("{2150E333-8FDC-42A3-9474-1A3956D46DE8}") = "V1_Insights", "V1_Insights", "{421EEBA2-BFE9-44BA-9046-544CF723CEE2}"
	ProjectSection(SolutionItems) = preProject
		docs\4_Research\V1_Insights\ChatGPT-Document feedback summary.md = docs\4_Research\V1_Insights\ChatGPT-Document feedback summary.md
		docs\4_Research\V1_Insights\v1_chat_insights.md = docs\4_Research\V1_Insights\v1_chat_insights.md
		docs\4_Research\V1_Insights\v1_component_reusability_analysis.md = docs\4_Research\V1_Insights\v1_component_reusability_analysis.md
		docs\4_Research\V1_Insights\v1_tars_artifacts_analysis.md = docs\4_Research\V1_Insights\v1_tars_artifacts_analysis.md
	EndProjectSection
EndProject
Project("{2150E333-8FDC-42A3-9474-1A3956D46DE8}") = "00_Overview", "00_Overview", "{E43ACCE4-362A-4E59-9ECD-E2D47BB79AAE}"
	ProjectSection(SolutionItems) = preProject
		docs\4_Research\Architecture\00_Overview\architecture_fusion.md = docs\4_Research\Architecture\00_Overview\architecture_fusion.md
		docs\4_Research\Architecture\00_Overview\tars_v2_architecture.md = docs\4_Research\Architecture\00_Overview\tars_v2_architecture.md
	EndProjectSection
EndProject
Project("{2150E333-8FDC-42A3-9474-1A3956D46DE8}") = "01_Decisions", "01_Decisions", "{CB16877C-80C1-43A5-B0B4-FF9BD2A3141A}"
	ProjectSection(SolutionItems) = preProject
		docs\4_Research\Architecture\01_Decisions\agent_framework_comparison.md = docs\4_Research\Architecture\01_Decisions\agent_framework_comparison.md
		docs\4_Research\Architecture\01_Decisions\agent_protocols_analysis.md = docs\4_Research\Architecture\01_Decisions\agent_protocols_analysis.md
		docs\4_Research\Architecture\01_Decisions\vector_store_gpu_strategy.md = docs\4_Research\Architecture\01_Decisions\vector_store_gpu_strategy.md
	EndProjectSection
EndProject
Project("{2150E333-8FDC-42A3-9474-1A3956D46DE8}") = "02_Integration", "02_Integration", "{B8474C22-137E-4EBB-B7D7-7794BA1787D3}"
	ProjectSection(SolutionItems) = preProject
		docs\4_Research\Architecture\02_Integration\external_tools_landscape.md = docs\4_Research\Architecture\02_Integration\external_tools_landscape.md
		docs\4_Research\Architecture\02_Integration\Infra and tools.md = docs\4_Research\Architecture\02_Integration\Infra and tools.md
		docs\4_Research\Architecture\02_Integration\mcp_server_landscape.md = docs\4_Research\Architecture\02_Integration\mcp_server_landscape.md
	EndProjectSection
EndProject
Project("{2150E333-8FDC-42A3-9474-1A3956D46DE8}") = "03_Operational", "03_Operational", "{03E22593-FD12-4D1E-85F1-5ABD30031510}"
	ProjectSection(SolutionItems) = preProject
		docs\4_Research\Architecture\03_Operational\analysis_gaps.md = docs\4_Research\Architecture\03_Operational\analysis_gaps.md
		docs\4_Research\Architecture\03_Operational\BRIDGING_THE_GAPS.md = docs\4_Research\Architecture\03_Operational\BRIDGING_THE_GAPS.md
		docs\4_Research\Architecture\03_Operational\cost_budget.md = docs\4_Research\Architecture\03_Operational\cost_budget.md
		docs\4_Research\Architecture\03_Operational\security_model.md = docs\4_Research\Architecture\03_Operational\security_model.md
		docs\4_Research\Architecture\03_Operational\testing_strategy.md = docs\4_Research\Architecture\03_Operational\testing_strategy.md
	EndProjectSection
EndProject
Project("{2150E333-8FDC-42A3-9474-1A3956D46DE8}") = "conversations", "conversations", "{A1B2C3D4-E5F6-4A5B-8C9D-0E1F2A3B4C5D}"
	ProjectSection(SolutionItems) = preProject
		docs\conversations\ChatGPT-What is vLLM.md = docs\conversations\ChatGPT-What is vLLM.md
	EndProjectSection
EndProject
Project("{2150E333-8FDC-42A3-9474-1A3956D46DE8}") = "src", "src", "{827E0CD3-B72D-47B6-A68D-7590B98EB39B}"
EndProject
Project("{2150E333-8FDC-42A3-9474-1A3956D46DE8}") = "01_Core", "01_Core", "{E49751A8-4684-5464-DC78-70FEA7F05886}"
EndProject
Project("{F2A71F9B-5D33-465A-A702-920D77279786}") = "Tars.Kernel", "src\Tars.Kernel\Tars.Kernel.fsproj", "{B0B7B20B-3F6B-49A8-968D-5581223F866A}"
EndProject
Project("{F2A71F9B-5D33-465A-A702-920D77279786}") = "Tars.Core", "src\Tars.Core\Tars.Core.fsproj", "{C02221CA-8CFC-4BD5-9B6C-0725B36A538D}"
EndProject
Project("{F2A71F9B-5D33-465A-A702-920D77279786}") = "Tars.Security", "src\Tars.Security\Tars.Security.fsproj", "{D2B18A00-C2C5-4A88-BAE7-B1D59408CDF7}"
EndProject
Project("{2150E333-8FDC-42A3-9474-1A3956D46DE8}") = "02_Infrastructure", "02_Infrastructure", "{C1A37BC8-0014-7242-D339-93319D3C84AC}"
EndProject
Project("{F2A71F9B-5D33-465A-A702-920D77279786}") = "Tars.Sandbox", "src\Tars.Sandbox\Tars.Sandbox.fsproj", "{D64AB5CC-FA0D-4199-B172-69C942F397E2}"
EndProject
Project("{F2A71F9B-5D33-465A-A702-920D77279786}") = "Tars.Connectors", "src\Tars.Connectors\Tars.Connectors.fsproj", "{FF5FEBF6-5286-4729-8E75-7CA97517F380}"
EndProject
Project("{F2A71F9B-5D33-465A-A702-920D77279786}") = "Tars.Graph", "src\Tars.Graph\Tars.Graph.fsproj", "{E9CF68A7-5461-4737-9E2F-B0BE93A9B9C3}"
EndProject
Project("{2150E333-8FDC-42A3-9474-1A3956D46DE8}") = "03_Interface", "03_Interface", "{F2250A6D-D5A5-7171-D13C-E7FD50981AA9}"
EndProject
Project("{F2A71F9B-5D33-465A-A702-920D77279786}") = "Tars.Interface.Cli", "src\Tars.Interface.Cli\Tars.Interface.Cli.fsproj", "{03D347B7-2100-400C-A1F7-B96786DB308D}"
EndProject
Project("{2150E333-8FDC-42A3-9474-1A3956D46DE8}") = "tests", "tests", "{0AB3BF05-4346-4AA6-1389-037BE0695223}"
EndProject
Project("{F2A71F9B-5D33-465A-A702-920D77279786}") = "Tars.Tests", "tests\Tars.Tests\Tars.Tests.fsproj", "{0CDD7CB0-57F6-4018-9BDA-16D7B27E6BFF}"
EndProject
Project("{F2A71F9B-5D33-465A-A702-920D77279786}") = "Tars.Cortex", "src\Tars.Cortex\Tars.Cortex.fsproj", "{D4E59029-692E-4B7A-A05D-7AAFF398271A}"
EndProject
Project("{2150E333-8FDC-42A3-9474-1A3956D46DE8}") = "04_Agents", "04_Agents", "{4D1F5A6F-B5FE-6DE7-0694-4351F9E4A297}"
EndProject
Project("{F2A71F9B-5D33-465A-A702-920D77279786}") = "Tars.Evolution", "src\Tars.Evolution\Tars.Evolution.fsproj", "{D6811111-E4F2-4580-9D2D-8452B6708437}"
EndProject
Project("{F2A71F9B-5D33-465A-A702-920D77279786}") = "Tars.Llm", "src\Tars.Llm\Tars.Llm.fsproj", "{A364AC6B-401C-45A3-9262-214E16A92588}"
EndProject
Project("{F2A71F9B-5D33-465A-A702-920D77279786}") = "Tars.Tools", "src\Tars.Tools\Tars.Tools.fsproj", "{C93D6592-2892-49BA-9090-6111B6F51D5B}"
EndProject
Project("{F2A71F9B-5D33-465A-A702-920D77279786}") = "Tars.Metascript", "src\Tars.Metascript\Tars.Metascript.fsproj", "{254B4861-DB55-4D21-83B0-6C0B6FE5DEAC}"
EndProject
Project("{F2A71F9B-5D33-465A-A702-920D77279786}") = "Tars.Interface.Ui", "src\Tars.Interface.Ui\Tars.Interface.Ui.fsproj", "{60814189-ABC2-41B5-99C5-395D32403A14}"
EndProject
Project("{F2A71F9B-5D33-465A-A702-920D77279786}") = "Tars.Knowledge", "src\Tars.Knowledge\Tars.Knowledge.fsproj", "{F6ACB78F-F539-433B-B3DB-CC02D31E9B3E}"
EndProject
Project("{F2A71F9B-5D33-465A-A702-920D77279786}") = "Tars.Symbolic", "src\Tars.Symbolic\Tars.Symbolic.fsproj", "{4F03FBDA-FD55-4D55-80D1-9E5AD31D2C48}"
EndProject
Global
	GlobalSection(SolutionConfigurationPlatforms) = preSolution
		Debug|Any CPU = Debug|Any CPU
		Debug|x64 = Debug|x64
		Debug|x86 = Debug|x86
		Release|Any CPU = Release|Any CPU
		Release|x64 = Release|x64
		Release|x86 = Release|x86
	EndGlobalSection
	GlobalSection(ProjectConfigurationPlatforms) = postSolution
		{B0B7B20B-3F6B-49A8-968D-5581223F866A}.Debug|Any CPU.ActiveCfg = Debug|Any CPU
		{B0B7B20B-3F6B-49A8-968D-5581223F866A}.Debug|Any CPU.Build.0 = Debug|Any CPU
		{B0B7B20B-3F6B-49A8-968D-5581223F866A}.Debug|x64.ActiveCfg = Debug|Any CPU
		{B0B7B20B-3F6B-49A8-968D-5581223F866A}.Debug|x64.Build.0 = Debug|Any CPU
		{B0B7B20B-3F6B-49A8-968D-5581223F866A}.Debug|x86.ActiveCfg = Debug|Any CPU
		{B0B7B20B-3F6B-49A8-968D-5581223F866A}.Debug|x86.Build.0 = Debug|Any CPU
		{B0B7B20B-3F6B-49A8-968D-5581223F866A}.Release|Any CPU.ActiveCfg = Release|Any CPU
		{B0B7B20B-3F6B-49A8-968D-5581223F866A}.Release|Any CPU.Build.0 = Release|Any CPU
		{B0B7B20B-3F6B-49A8-968D-5581223F866A}.Release|x64.ActiveCfg = Release|Any CPU
		{B0B7B20B-3F6B-49A8-968D-5581223F866A}.Release|x64.Build.0 = Release|Any CPU
		{B0B7B20B-3F6B-49A8-968D-5581223F866A}.Release|x86.ActiveCfg = Release|Any CPU
		{B0B7B20B-3F6B-49A8-968D-5581223F866A}.Release|x86.Build.0 = Release|Any CPU
		{C02221CA-8CFC-4BD5-9B6C-0725B36A538D}.Debug|Any CPU.ActiveCfg = Debug|Any CPU
		{C02221CA-8CFC-4BD5-9B6C-0725B36A538D}.Debug|Any CPU.Build.0 = Debug|Any CPU
		{C02221CA-8CFC-4BD5-9B6C-0725B36A538D}.Debug|x64.ActiveCfg = Debug|Any CPU
		{C02221CA-8CFC-4BD5-9B6C-0725B36A538D}.Debug|x64.Build.0 = Debug|Any CPU
		{C02221CA-8CFC-4BD5-9B6C-0725B36A538D}.Debug|x86.ActiveCfg = Debug|Any CPU
		{C02221CA-8CFC-4BD5-9B6C-0725B36A538D}.Debug|x86.Build.0 = Debug|Any CPU
		{C02221CA-8CFC-4BD5-9B6C-0725B36A538D}.Release|Any CPU.ActiveCfg = Release|Any CPU
		{C02221CA-8CFC-4BD5-9B6C-0725B36A538D}.Release|Any CPU.Build.0 = Release|Any CPU
		{C02221CA-8CFC-4BD5-9B6C-0725B36A538D}.Release|x64.ActiveCfg = Release|Any CPU
		{C02221CA-8CFC-4BD5-9B6C-0725B36A538D}.Release|x64.Build.0 = Release|Any CPU
		{C02221CA-8CFC-4BD5-9B6C-0725B36A538D}.Release|x86.ActiveCfg = Release|Any CPU
		{C02221CA-8CFC-4BD5-9B6C-0725B36A538D}.Release|x86.Build.0 = Release|Any CPU
		{D2B18A00-C2C5-4A88-BAE7-B1D59408CDF7}.Debug|Any CPU.ActiveCfg = Debug|Any CPU
		{D2B18A00-C2C5-4A88-BAE7-B1D59408CDF7}.Debug|Any CPU.Build.0 = Debug|Any CPU
		{D2B18A00-C2C5-4A88-BAE7-B1D59408CDF7}.Debug|x64.ActiveCfg = Debug|Any CPU
		{D2B18A00-C2C5-4A88-BAE7-B1D59408CDF7}.Debug|x64.Build.0 = Debug|Any CPU
		{D2B18A00-C2C5-4A88-BAE7-B1D59408CDF7}.Debug|x86.ActiveCfg = Debug|Any CPU
		{D2B18A00-C2C5-4A88-BAE7-B1D59408CDF7}.Debug|x86.Build.0 = Debug|Any CPU
		{D2B18A00-C2C5-4A88-BAE7-B1D59408CDF7}.Release|Any CPU.ActiveCfg = Release|Any CPU
		{D2B18A00-C2C5-4A88-BAE7-B1D59408CDF7}.Release|Any CPU.Build.0 = Release|Any CPU
		{D2B18A00-C2C5-4A88-BAE7-B1D59408CDF7}.Release|x64.ActiveCfg = Release|Any CPU
		{D2B18A00-C2C5-4A88-BAE7-B1D59408CDF7}.Release|x64.Build.0 = Release|Any CPU
		{D2B18A00-C2C5-4A88-BAE7-B1D59408CDF7}.Release|x86.ActiveCfg = Release|Any CPU
		{D2B18A00-C2C5-4A88-BAE7-B1D59408CDF7}.Release|x86.Build.0 = Release|Any CPU
		{D64AB5CC-FA0D-4199-B172-69C942F397E2}.Debug|Any CPU.ActiveCfg = Debug|Any CPU
		{D64AB5CC-FA0D-4199-B172-69C942F397E2}.Debug|Any CPU.Build.0 = Debug|Any CPU
		{D64AB5CC-FA0D-4199-B172-69C942F397E2}.Debug|x64.ActiveCfg = Debug|Any CPU
		{D64AB5CC-FA0D-4199-B172-69C942F397E2}.Debug|x64.Build.0 = Debug|Any CPU
		{D64AB5CC-FA0D-4199-B172-69C942F397E2}.Debug|x86.ActiveCfg = Debug|Any CPU
		{D64AB5CC-FA0D-4199-B172-69C942F397E2}.Debug|x86.Build.0 = Debug|Any CPU
		{D64AB5CC-FA0D-4199-B172-69C942F397E2}.Release|Any CPU.ActiveCfg = Release|Any CPU
		{D64AB5CC-FA0D-4199-B172-69C942F397E2}.Release|Any CPU.Build.0 = Release|Any CPU
		{D64AB5CC-FA0D-4199-B172-69C942F397E2}.Release|x64.ActiveCfg = Release|Any CPU
		{D64AB5CC-FA0D-4199-B172-69C942F397E2}.Release|x64.Build.0 = Release|Any CPU
		{D64AB5CC-FA0D-4199-B172-69C942F397E2}.Release|x86.ActiveCfg = Release|Any CPU
		{D64AB5CC-FA0D-4199-B172-69C942F397E2}.Release|x86.Build.0 = Release|Any CPU
		{FF5FEBF6-5286-4729-8E75-7CA97517F380}.Debug|Any CPU.ActiveCfg = Debug|Any CPU
		{FF5FEBF6-5286-4729-8E75-7CA97517F380}.Debug|Any CPU.Build.0 = Debug|Any CPU
		{FF5FEBF6-5286-4729-8E75-7CA97517F380}.Debug|x64.ActiveCfg = Debug|Any CPU
		{FF5FEBF6-5286-4729-8E75-7CA97517F380}.Debug|x64.Build.0 = Debug|Any CPU
		{FF5FEBF6-5286-4729-8E75-7CA97517F380}.Debug|x86.ActiveCfg = Debug|Any CPU
		{FF5FEBF6-5286-4729-8E75-7CA97517F380}.Debug|x86.Build.0 = Debug|Any CPU
		{FF5FEBF6-5286-4729-8E75-7CA97517F380}.Release|Any CPU.ActiveCfg = Release|Any CPU
		{FF5FEBF6-5286-4729-8E75-7CA97517F380}.Release|Any CPU.Build.0 = Release|Any CPU
		{FF5FEBF6-5286-4729-8E75-7CA97517F380}.Release|x64.ActiveCfg = Release|Any CPU
		{FF5FEBF6-5286-4729-8E75-7CA97517F380}.Release|x64.Build.0 = Release|Any CPU
		{FF5FEBF6-5286-4729-8E75-7CA97517F380}.Release|x86.ActiveCfg = Release|Any CPU
		{FF5FEBF6-5286-4729-8E75-7CA97517F380}.Release|x86.Build.0 = Release|Any CPU
		{E9CF68A7-5461-4737-9E2F-B0BE93A9B9C3}.Debug|Any CPU.ActiveCfg = Debug|Any CPU
		{E9CF68A7-5461-4737-9E2F-B0BE93A9B9C3}.Debug|Any CPU.Build.0 = Debug|Any CPU
		{E9CF68A7-5461-4737-9E2F-B0BE93A9B9C3}.Debug|x64.ActiveCfg = Debug|Any CPU
		{E9CF68A7-5461-4737-9E2F-B0BE93A9B9C3}.Debug|x64.Build.0 = Debug|Any CPU
		{E9CF68A7-5461-4737-9E2F-B0BE93A9B9C3}.Debug|x86.ActiveCfg = Debug|Any CPU
		{E9CF68A7-5461-4737-9E2F-B0BE93A9B9C3}.Debug|x86.Build.0 = Debug|Any CPU
		{E9CF68A7-5461-4737-9E2F-B0BE93A9B9C3}.Release|Any CPU.ActiveCfg = Release|Any CPU
		{E9CF68A7-5461-4737-9E2F-B0BE93A9B9C3}.Release|Any CPU.Build.0 = Release|Any CPU
		{E9CF68A7-5461-4737-9E2F-B0BE93A9B9C3}.Release|x64.ActiveCfg = Release|Any CPU
		{E9CF68A7-5461-4737-9E2F-B0BE93A9B9C3}.Release|x64.Build.0 = Release|Any CPU
		{E9CF68A7-5461-4737-9E2F-B0BE93A9B9C3}.Release|x86.ActiveCfg = Release|Any CPU
		{E9CF68A7-5461-4737-9E2F-B0BE93A9B9C3}.Release|x86.Build.0 = Release|Any CPU
		{03D347B7-2100-400C-A1F7-B96786DB308D}.Debug|Any CPU.ActiveCfg = Debug|Any CPU
		{03D347B7-2100-400C-A1F7-B96786DB308D}.Debug|Any CPU.Build.0 = Debug|Any CPU
		{03D347B7-2100-400C-A1F7-B96786DB308D}.Debug|x64.ActiveCfg = Debug|Any CPU
		{03D347B7-2100-400C-A1F7-B96786DB308D}.Debug|x64.Build.0 = Debug|Any CPU
		{03D347B7-2100-400C-A1F7-B96786DB308D}.Debug|x86.ActiveCfg = Debug|Any CPU
		{03D347B7-2100-400C-A1F7-B96786DB308D}.Debug|x86.Build.0 = Debug|Any CPU
		{03D347B7-2100-400C-A1F7-B96786DB308D}.Release|Any CPU.ActiveCfg = Release|Any CPU
		{03D347B7-2100-400C-A1F7-B96786DB308D}.Release|Any CPU.Build.0 = Release|Any CPU
		{03D347B7-2100-400C-A1F7-B96786DB308D}.Release|x64.ActiveCfg = Release|Any CPU
		{03D347B7-2100-400C-A1F7-B96786DB308D}.Release|x64.Build.0 = Release|Any CPU
		{03D347B7-2100-400C-A1F7-B96786DB308D}.Release|x86.ActiveCfg = Release|Any CPU
		{03D347B7-2100-400C-A1F7-B96786DB308D}.Release|x86.Build.0 = Release|Any CPU
		{0CDD7CB0-57F6-4018-9BDA-16D7B27E6BFF}.Debug|Any CPU.ActiveCfg = Debug|Any CPU
		{0CDD7CB0-57F6-4018-9BDA-16D7B27E6BFF}.Debug|Any CPU.Build.0 = Debug|Any CPU
		{0CDD7CB0-57F6-4018-9BDA-16D7B27E6BFF}.Debug|x64.ActiveCfg = Debug|Any CPU
		{0CDD7CB0-57F6-4018-9BDA-16D7B27E6BFF}.Debug|x64.Build.0 = Debug|Any CPU
		{0CDD7CB0-57F6-4018-9BDA-16D7B27E6BFF}.Debug|x86.ActiveCfg = Debug|Any CPU
		{0CDD7CB0-57F6-4018-9BDA-16D7B27E6BFF}.Debug|x86.Build.0 = Debug|Any CPU
		{0CDD7CB0-57F6-4018-9BDA-16D7B27E6BFF}.Release|Any CPU.ActiveCfg = Release|Any CPU
		{0CDD7CB0-57F6-4018-9BDA-16D7B27E6BFF}.Release|Any CPU.Build.0 = Release|Any CPU
		{0CDD7CB0-57F6-4018-9BDA-16D7B27E6BFF}.Release|x64.ActiveCfg = Release|Any CPU
		{0CDD7CB0-57F6-4018-9BDA-16D7B27E6BFF}.Release|x64.Build.0 = Release|Any CPU
		{0CDD7CB0-57F6-4018-9BDA-16D7B27E6BFF}.Release|x86.ActiveCfg = Release|Any CPU
		{0CDD7CB0-57F6-4018-9BDA-16D7B27E6BFF}.Release|x86.Build.0 = Release|Any CPU
		{D4E59029-692E-4B7A-A05D-7AAFF398271A}.Debug|Any CPU.ActiveCfg = Debug|Any CPU
		{D4E59029-692E-4B7A-A05D-7AAFF398271A}.Debug|Any CPU.Build.0 = Debug|Any CPU
		{D4E59029-692E-4B7A-A05D-7AAFF398271A}.Debug|x64.ActiveCfg = Debug|Any CPU
		{D4E59029-692E-4B7A-A05D-7AAFF398271A}.Debug|x64.Build.0 = Debug|Any CPU
		{D4E59029-692E-4B7A-A05D-7AAFF398271A}.Debug|x86.ActiveCfg = Debug|Any CPU
		{D4E59029-692E-4B7A-A05D-7AAFF398271A}.Debug|x86.Build.0 = Debug|Any CPU
		{D4E59029-692E-4B7A-A05D-7AAFF398271A}.Release|Any CPU.ActiveCfg = Release|Any CPU
		{D4E59029-692E-4B7A-A05D-7AAFF398271A}.Release|Any CPU.Build.0 = Release|Any CPU
		{D4E59029-692E-4B7A-A05D-7AAFF398271A}.Release|x64.ActiveCfg = Release|Any CPU
		{D4E59029-692E-4B7A-A05D-7AAFF398271A}.Release|x64.Build.0 = Release|Any CPU
		{D4E59029-692E-4B7A-A05D-7AAFF398271A}.Release|x86.ActiveCfg = Release|Any CPU
		{D4E59029-692E-4B7A-A05D-7AAFF398271A}.Release|x86.Build.0 = Release|Any CPU
		{D6811111-E4F2-4580-9D2D-8452B6708437}.Debug|Any CPU.ActiveCfg = Debug|Any CPU
		{D6811111-E4F2-4580-9D2D-8452B6708437}.Debug|Any CPU.Build.0 = Debug|Any CPU
		{D6811111-E4F2-4580-9D2D-8452B6708437}.Debug|x64.ActiveCfg = Debug|Any CPU
		{D6811111-E4F2-4580-9D2D-8452B6708437}.Debug|x64.Build.0 = Debug|Any CPU
		{D6811111-E4F2-4580-9D2D-8452B6708437}.Debug|x86.ActiveCfg = Debug|Any CPU
		{D6811111-E4F2-4580-9D2D-8452B6708437}.Debug|x86.Build.0 = Debug|Any CPU
		{D6811111-E4F2-4580-9D2D-8452B6708437}.Release|Any CPU.ActiveCfg = Release|Any CPU
		{D6811111-E4F2-4580-9D2D-8452B6708437}.Release|Any CPU.Build.0 = Release|Any CPU
		{D6811111-E4F2-4580-9D2D-8452B6708437}.Release|x64.ActiveCfg = Release|Any CPU
		{D6811111-E4F2-4580-9D2D-8452B6708437}.Release|x64.Build.0 = Release|Any CPU
		{D6811111-E4F2-4580-9D2D-8452B6708437}.Release|x86.ActiveCfg = Release|Any CPU
		{D6811111-E4F2-4580-9D2D-8452B6708437}.Release|x86.Build.0 = Release|Any CPU
		{A364AC6B-401C-45A3-9262-214E16A92588}.Debug|Any CPU.ActiveCfg = Debug|Any CPU
		{A364AC6B-401C-45A3-9262-214E16A92588}.Debug|Any CPU.Build.0 = Debug|Any CPU
		{A364AC6B-401C-45A3-9262-214E16A92588}.Debug|x64.ActiveCfg = Debug|Any CPU
		{A364AC6B-401C-45A3-9262-214E16A92588}.Debug|x64.Build.0 = Debug|Any CPU
		{A364AC6B-401C-45A3-9262-214E16A92588}.Debug|x86.ActiveCfg = Debug|Any CPU
		{A364AC6B-401C-45A3-9262-214E16A92588}.Debug|x86.Build.0 = Debug|Any CPU
		{A364AC6B-401C-45A3-9262-214E16A92588}.Release|Any CPU.ActiveCfg = Release|Any CPU
		{A364AC6B-401C-45A3-9262-214E16A92588}.Release|Any CPU.Build.0 = Release|Any CPU
		{A364AC6B-401C-45A3-9262-214E16A92588}.Release|x64.ActiveCfg = Release|Any CPU
		{A364AC6B-401C-45A3-9262-214E16A92588}.Release|x64.Build.0 = Release|Any CPU
		{A364AC6B-401C-45A3-9262-214E16A92588}.Release|x86.ActiveCfg = Release|Any CPU
		{A364AC6B-401C-45A3-9262-214E16A92588}.Release|x86.Build.0 = Release|Any CPU
		{C93D6592-2892-49BA-9090-6111B6F51D5B}.Debug|Any CPU.ActiveCfg = Debug|Any CPU
		{C93D6592-2892-49BA-9090-6111B6F51D5B}.Debug|Any CPU.Build.0 = Debug|Any CPU
		{C93D6592-2892-49BA-9090-6111B6F51D5B}.Debug|x64.ActiveCfg = Debug|Any CPU
		{C93D6592-2892-49BA-9090-6111B6F51D5B}.Debug|x64.Build.0 = Debug|Any CPU
		{C93D6592-2892-49BA-9090-6111B6F51D5B}.Debug|x86.ActiveCfg = Debug|Any CPU
		{C93D6592-2892-49BA-9090-6111B6F51D5B}.Debug|x86.Build.0 = Debug|Any CPU
		{C93D6592-2892-49BA-9090-6111B6F51D5B}.Release|Any CPU.ActiveCfg = Release|Any CPU
		{C93D6592-2892-49BA-9090-6111B6F51D5B}.Release|Any CPU.Build.0 = Release|Any CPU
		{C93D6592-2892-49BA-9090-6111B6F51D5B}.Release|x64.ActiveCfg = Release|Any CPU
		{C93D6592-2892-49BA-9090-6111B6F51D5B}.Release|x64.Build.0 = Release|Any CPU
		{C93D6592-2892-49BA-9090-6111B6F51D5B}.Release|x86.ActiveCfg = Release|Any CPU
		{C93D6592-2892-49BA-9090-6111B6F51D5B}.Release|x86.Build.0 = Release|Any CPU
		{254B4861-DB55-4D21-83B0-6C0B6FE5DEAC}.Debug|Any CPU.ActiveCfg = Debug|Any CPU
		{254B4861-DB55-4D21-83B0-6C0B6FE5DEAC}.Debug|Any CPU.Build.0 = Debug|Any CPU
		{254B4861-DB55-4D21-83B0-6C0B6FE5DEAC}.Debug|x64.ActiveCfg = Debug|Any CPU
		{254B4861-DB55-4D21-83B0-6C0B6FE5DEAC}.Debug|x64.Build.0 = Debug|Any CPU
		{254B4861-DB55-4D21-83B0-6C0B6FE5DEAC}.Debug|x86.ActiveCfg = Debug|Any CPU
		{254B4861-DB55-4D21-83B0-6C0B6FE5DEAC}.Debug|x86.Build.0 = Debug|Any CPU
		{254B4861-DB55-4D21-83B0-6C0B6FE5DEAC}.Release|Any CPU.ActiveCfg = Release|Any CPU
		{254B4861-DB55-4D21-83B0-6C0B6FE5DEAC}.Release|Any CPU.Build.0 = Release|Any CPU
		{254B4861-DB55-4D21-83B0-6C0B6FE5DEAC}.Release|x64.ActiveCfg = Release|Any CPU
		{254B4861-DB55-4D21-83B0-6C0B6FE5DEAC}.Release|x64.Build.0 = Release|Any CPU
		{254B4861-DB55-4D21-83B0-6C0B6FE5DEAC}.Release|x86.ActiveCfg = Release|Any CPU
		{254B4861-DB55-4D21-83B0-6C0B6FE5DEAC}.Release|x86.Build.0 = Release|Any CPU
		{60814189-ABC2-41B5-99C5-395D32403A14}.Debug|Any CPU.ActiveCfg = Debug|Any CPU
		{60814189-ABC2-41B5-99C5-395D32403A14}.Debug|Any CPU.Build.0 = Debug|Any CPU
		{60814189-ABC2-41B5-99C5-395D32403A14}.Debug|x64.ActiveCfg = Debug|Any CPU
		{60814189-ABC2-41B5-99C5-395D32403A14}.Debug|x64.Build.0 = Debug|Any CPU
		{60814189-ABC2-41B5-99C5-395D32403A14}.Debug|x86.ActiveCfg = Debug|Any CPU
		{60814189-ABC2-41B5-99C5-395D32403A14}.Debug|x86.Build.0 = Debug|Any CPU
		{60814189-ABC2-41B5-99C5-395D32403A14}.Release|Any CPU.ActiveCfg = Release|Any CPU
		{60814189-ABC2-41B5-99C5-395D32403A14}.Release|Any CPU.Build.0 = Release|Any CPU
		{60814189-ABC2-41B5-99C5-395D32403A14}.Release|x64.ActiveCfg = Release|Any CPU
		{60814189-ABC2-41B5-99C5-395D32403A14}.Release|x64.Build.0 = Release|Any CPU
		{60814189-ABC2-41B5-99C5-395D32403A14}.Release|x86.ActiveCfg = Release|Any CPU
		{60814189-ABC2-41B5-99C5-395D32403A14}.Release|x86.Build.0 = Release|Any CPU
		{F6ACB78F-F539-433B-B3DB-CC02D31E9B3E}.Debug|Any CPU.ActiveCfg = Debug|Any CPU
		{F6ACB78F-F539-433B-B3DB-CC02D31E9B3E}.Debug|Any CPU.Build.0 = Debug|Any CPU
		{F6ACB78F-F539-433B-B3DB-CC02D31E9B3E}.Debug|x64.ActiveCfg = Debug|Any CPU
		{F6ACB78F-F539-433B-B3DB-CC02D31E9B3E}.Debug|x64.Build.0 = Debug|Any CPU
		{F6ACB78F-F539-433B-B3DB-CC02D31E9B3E}.Debug|x86.ActiveCfg = Debug|Any CPU
		{F6ACB78F-F539-433B-B3DB-CC02D31E9B3E}.Debug|x86.Build.0 = Debug|Any CPU
		{F6ACB78F-F539-433B-B3DB-CC02D31E9B3E}.Release|Any CPU.ActiveCfg = Release|Any CPU
		{F6ACB78F-F539-433B-B3DB-CC02D31E9B3E}.Release|Any CPU.Build.0 = Release|Any CPU
		{F6ACB78F-F539-433B-B3DB-CC02D31E9B3E}.Release|x64.ActiveCfg = Release|Any CPU
		{F6ACB78F-F539-433B-B3DB-CC02D31E9B3E}.Release|x64.Build.0 = Release|Any CPU
		{F6ACB78F-F539-433B-B3DB-CC02D31E9B3E}.Release|x86.ActiveCfg = Release|Any CPU
		{F6ACB78F-F539-433B-B3DB-CC02D31E9B3E}.Release|x86.Build.0 = Release|Any CPU
		{4F03FBDA-FD55-4D55-80D1-9E5AD31D2C48}.Debug|Any CPU.ActiveCfg = Debug|Any CPU
		{4F03FBDA-FD55-4D55-80D1-9E5AD31D2C48}.Debug|Any CPU.Build.0 = Debug|Any CPU
		{4F03FBDA-FD55-4D55-80D1-9E5AD31D2C48}.Debug|x64.ActiveCfg = Debug|Any CPU
		{4F03FBDA-FD55-4D55-80D1-9E5AD31D2C48}.Debug|x64.Build.0 = Debug|Any CPU
		{4F03FBDA-FD55-4D55-80D1-9E5AD31D2C48}.Debug|x86.ActiveCfg = Debug|Any CPU
		{4F03FBDA-FD55-4D55-80D1-9E5AD31D2C48}.Debug|x86.Build.0 = Debug|Any CPU
		{4F03FBDA-FD55-4D55-80D1-9E5AD31D2C48}.Release|Any CPU.ActiveCfg = Release|Any CPU
		{4F03FBDA-FD55-4D55-80D1-9E5AD31D2C48}.Release|Any CPU.Build.0 = Release|Any CPU
		{4F03FBDA-FD55-4D55-80D1-9E5AD31D2C48}.Release|x64.ActiveCfg = Release|Any CPU
		{4F03FBDA-FD55-4D55-80D1-9E5AD31D2C48}.Release|x64.Build.0 = Release|Any CPU
		{4F03FBDA-FD55-4D55-80D1-9E5AD31D2C48}.Release|x86.ActiveCfg = Release|Any CPU
		{4F03FBDA-FD55-4D55-80D1-9E5AD31D2C48}.Release|x86.Build.0 = Release|Any CPU
	EndGlobalSection
	GlobalSection(SolutionProperties) = preSolution
		HideSolutionNode = FALSE
	EndGlobalSection
	GlobalSection(NestedProjects) = preSolution
		{67A5C493-1B56-4993-BC31-5D4C6BFA5951} = {23550AFD-C0F3-49A8-8A19-8C057FD6DF0B}
		{82FF2E6C-7A3C-4A55-B43C-11C9CB62424B} = {23550AFD-C0F3-49A8-8A19-8C057FD6DF0B}
		{D80CA444-DE5E-4A70-922D-78EB23293037} = {23550AFD-C0F3-49A8-8A19-8C057FD6DF0B}
		{DF3CABF4-09FF-4714-88BF-CBF3C835C563} = {23550AFD-C0F3-49A8-8A19-8C057FD6DF0B}
		{B7A4C63E-5C1E-4E82-9B3B-8F0A7C9D5B1E} = {DF3CABF4-09FF-4714-88BF-CBF3C835C563}
		{C8B5D74F-6D2F-4F93-AC4C-901B8D0E6C2F} = {DF3CABF4-09FF-4714-88BF-CBF3C835C563}
		{D9C6E850-7E30-40A4-BD5D-012C9E1F7D30} = {DF3CABF4-09FF-4714-88BF-CBF3C835C563}
		{3C5FF0F0-BE14-4405-9E9D-0ED13A02BE60} = {23550AFD-C0F3-49A8-8A19-8C057FD6DF0B}
		{024732D5-25F5-4093-8213-6D096A007A0B} = {23550AFD-C0F3-49A8-8A19-8C057FD6DF0B}
		{38FB5B3B-7682-480B-A730-AD2AB09A3400} = {D80CA444-DE5E-4A70-922D-78EB23293037}
		{367EAA1F-57E0-4297-8313-FF4A1D72BA67} = {D80CA444-DE5E-4A70-922D-78EB23293037}
		{421EEBA2-BFE9-44BA-9046-544CF723CEE2} = {D80CA444-DE5E-4A70-922D-78EB23293037}
		{E43ACCE4-362A-4E59-9ECD-E2D47BB79AAE} = {38FB5B3B-7682-480B-A730-AD2AB09A3400}
		{CB16877C-80C1-43A5-B0B4-FF9BD2A3141A} = {38FB5B3B-7682-480B-A730-AD2AB09A3400}
		{B8474C22-137E-4EBB-B7D7-7794BA1787D3} = {38FB5B3B-7682-480B-A730-AD2AB09A3400}
		{03E22593-FD12-4D1E-85F1-5ABD30031510} = {38FB5B3B-7682-480B-A730-AD2AB09A3400}
		{E49751A8-4684-5464-DC78-70FEA7F05886} = {827E0CD3-B72D-47B6-A68D-7590B98EB39B}
		{B0B7B20B-3F6B-49A8-968D-5581223F866A} = {E49751A8-4684-5464-DC78-70FEA7F05886}
		{C02221CA-8CFC-4BD5-9B6C-0725B36A538D} = {E49751A8-4684-5464-DC78-70FEA7F05886}
		{D2B18A00-C2C5-4A88-BAE7-B1D59408CDF7} = {E49751A8-4684-5464-DC78-70FEA7F05886}
		{C1A37BC8-0014-7242-D339-93319D3C84AC} = {827E0CD3-B72D-47B6-A68D-7590B98EB39B}
		{D64AB5CC-FA0D-4199-B172-69C942F397E2} = {C1A37BC8-0014-7242-D339-93319D3C84AC}
		{FF5FEBF6-5286-4729-8E75-7CA97517F380} = {C1A37BC8-0014-7242-D339-93319D3C84AC}
		{E9CF68A7-5461-4737-9E2F-B0BE93A9B9C3} = {C1A37BC8-0014-7242-D339-93319D3C84AC}
		{F2250A6D-D5A5-7171-D13C-E7FD50981AA9} = {827E0CD3-B72D-47B6-A68D-7590B98EB39B}
		{03D347B7-2100-400C-A1F7-B96786DB308D} = {F2250A6D-D5A5-7171-D13C-E7FD50981AA9}
		{0CDD7CB0-57F6-4018-9BDA-16D7B27E6BFF} = {0AB3BF05-4346-4AA6-1389-037BE0695223}
		{D4E59029-692E-4B7A-A05D-7AAFF398271A} = {4D1F5A6F-B5FE-6DE7-0694-4351F9E4A297}
		{4D1F5A6F-B5FE-6DE7-0694-4351F9E4A297} = {827E0CD3-B72D-47B6-A68D-7590B98EB39B}
		{D6811111-E4F2-4580-9D2D-8452B6708437} = {4D1F5A6F-B5FE-6DE7-0694-4351F9E4A297}
		{A364AC6B-401C-45A3-9262-214E16A92588} = {E49751A8-4684-5464-DC78-70FEA7F05886}
		{C93D6592-2892-49BA-9090-6111B6F51D5B} = {4D1F5A6F-B5FE-6DE7-0694-4351F9E4A297}
		{254B4861-DB55-4D21-83B0-6C0B6FE5DEAC} = {E49751A8-4684-5464-DC78-70FEA7F05886}
		{60814189-ABC2-41B5-99C5-395D32403A14} = {F2250A6D-D5A5-7171-D13C-E7FD50981AA9}
		{F6ACB78F-F539-433B-B3DB-CC02D31E9B3E} = {827E0CD3-B72D-47B6-A68D-7590B98EB39B}
		{4F03FBDA-FD55-4D55-80D1-9E5AD31D2C48} = {827E0CD3-B72D-47B6-A68D-7590B98EB39B}
	EndGlobalSection
EndGlobal
