
Microsoft Visual Studio Solution File, Format Version 12.00
# Visual Studio Version 17
VisualStudioVersion = 17.0.31903.59
MinimumVisualStudioVersion = 10.0.40219.1
Project("{F2A71F9B-5D33-465A-A702-920D77279786}") = "TarsEngine.FSharp.Core", "TarsEngine.FSharp.Core\TarsEngine.FSharp.Core.fsproj", "{BC44CAA3-1788-4DBB-8363-43109990C38E}"
EndProject
Project("{F2A71F9B-5D33-465A-A702-920D77279786}") = "TarsEngine.DSL", "TarsEngine.DSL\TarsEngine.DSL.fsproj", "{B46888D1-ABF9-4201-A484-6028C385BD39}"
EndProject
Project("{F2A71F9B-5D33-465A-A702-920D77279786}") = "TarsEngine.SelfImprovement", "TarsEngine.SelfImprovement\TarsEngine.SelfImprovement.fsproj", "{0DA7B2E8-31F1-4EA6-93CD-426018F62126}"
EndProject
Global
	GlobalSection(SolutionConfigurationPlatforms) = preSolution
		Debug|Any CPU = Debug|Any CPU
		Debug|x64 = Debug|x64
		Debug|x86 = Debug|x86
		Release|Any CPU = Release|Any CPU
		Release|x64 = Release|x64
		Release|x86 = Release|x86
	EndGlobalSection
	GlobalSection(ProjectConfigurationPlatforms) = postSolution
		{BC44CAA3-1788-4DBB-8363-43109990C38E}.Debug|Any CPU.ActiveCfg = Debug|Any CPU
		{BC44CAA3-1788-4DBB-8363-43109990C38E}.Debug|Any CPU.Build.0 = Debug|Any CPU
		{BC44CAA3-1788-4DBB-8363-43109990C38E}.Debug|x64.ActiveCfg = Debug|Any CPU
		{BC44CAA3-1788-4DBB-8363-43109990C38E}.Debug|x64.Build.0 = Debug|Any CPU
		{BC44CAA3-1788-4DBB-8363-43109990C38E}.Debug|x86.ActiveCfg = Debug|Any CPU
		{BC44CAA3-1788-4DBB-8363-43109990C38E}.Debug|x86.Build.0 = Debug|Any CPU
		{BC44CAA3-1788-4DBB-8363-43109990C38E}.Release|Any CPU.ActiveCfg = Release|Any CPU
		{BC44CAA3-1788-4DBB-8363-43109990C38E}.Release|Any CPU.Build.0 = Release|Any CPU
		{BC44CAA3-1788-4DBB-8363-43109990C38E}.Release|x64.ActiveCfg = Release|Any CPU
		{BC44CAA3-1788-4DBB-8363-43109990C38E}.Release|x64.Build.0 = Release|Any CPU
		{BC44CAA3-1788-4DBB-8363-43109990C38E}.Release|x86.ActiveCfg = Release|Any CPU
		{BC44CAA3-1788-4DBB-8363-43109990C38E}.Release|x86.Build.0 = Release|Any CPU
		{B46888D1-ABF9-4201-A484-6028C385BD39}.Debug|Any CPU.ActiveCfg = Debug|Any CPU
		{B46888D1-ABF9-4201-A484-6028C385BD39}.Debug|Any CPU.Build.0 = Debug|Any CPU
		{B46888D1-ABF9-4201-A484-6028C385BD39}.Debug|x64.ActiveCfg = Debug|Any CPU
		{B46888D1-ABF9-4201-A484-6028C385BD39}.Debug|x64.Build.0 = Debug|Any CPU
		{B46888D1-ABF9-4201-A484-6028C385BD39}.Debug|x86.ActiveCfg = Debug|Any CPU
		{B46888D1-ABF9-4201-A484-6028C385BD39}.Debug|x86.Build.0 = Debug|Any CPU
		{B46888D1-ABF9-4201-A484-6028C385BD39}.Release|Any CPU.ActiveCfg = Release|Any CPU
		{B46888D1-ABF9-4201-A484-6028C385BD39}.Release|Any CPU.Build.0 = Release|Any CPU
		{B46888D1-ABF9-4201-A484-6028C385BD39}.Release|x64.ActiveCfg = Release|Any CPU
		{B46888D1-ABF9-4201-A484-6028C385BD39}.Release|x64.Build.0 = Release|Any CPU
		{B46888D1-ABF9-4201-A484-6028C385BD39}.Release|x86.ActiveCfg = Release|Any CPU
		{B46888D1-ABF9-4201-A484-6028C385BD39}.Release|x86.Build.0 = Release|Any CPU
		{0DA7B2E8-31F1-4EA6-93CD-426018F62126}.Debug|Any CPU.ActiveCfg = Debug|Any CPU
		{0DA7B2E8-31F1-4EA6-93CD-426018F62126}.Debug|Any CPU.Build.0 = Debug|Any CPU
		{0DA7B2E8-31F1-4EA6-93CD-426018F62126}.Debug|x64.ActiveCfg = Debug|Any CPU
		{0DA7B2E8-31F1-4EA6-93CD-426018F62126}.Debug|x64.Build.0 = Debug|Any CPU
		{0DA7B2E8-31F1-4EA6-93CD-426018F62126}.Debug|x86.ActiveCfg = Debug|Any CPU
		{0DA7B2E8-31F1-4EA6-93CD-426018F62126}.Debug|x86.Build.0 = Debug|Any CPU
		{0DA7B2E8-31F1-4EA6-93CD-426018F62126}.Release|Any CPU.ActiveCfg = Release|Any CPU
		{0DA7B2E8-31F1-4EA6-93CD-426018F62126}.Release|Any CPU.Build.0 = Release|Any CPU
		{0DA7B2E8-31F1-4EA6-93CD-426018F62126}.Release|x64.ActiveCfg = Release|Any CPU
		{0DA7B2E8-31F1-4EA6-93CD-426018F62126}.Release|x64.Build.0 = Release|Any CPU
		{0DA7B2E8-31F1-4EA6-93CD-426018F62126}.Release|x86.ActiveCfg = Release|Any CPU
		{0DA7B2E8-31F1-4EA6-93CD-426018F62126}.Release|x86.Build.0 = Release|Any CPU
	EndGlobalSection
	GlobalSection(SolutionProperties) = preSolution
		HideSolutionNode = FALSE
	EndGlobalSection
EndGlobal
